// !$*UTF8*$!
{
	archiveVersion = 1;
	classes = {
	};
	objectVersion = 50;
	objects = {

/* Begin PBXBuildFile section */
		EF04889923CB98A100A5B0DD /* AppDelegate.swift in Sources */ = {isa = PBXBuildFile; fileRef = EF04889823CB98A100A5B0DD /* AppDelegate.swift */; };
		EF04889B23CB98A100A5B0DD /* SceneDelegate.swift in Sources */ = {isa = PBXBuildFile; fileRef = EF04889A23CB98A100A5B0DD /* SceneDelegate.swift */; };
		EF04889D23CB98A100A5B0DD /* ViewController.swift in Sources */ = {isa = PBXBuildFile; fileRef = EF04889C23CB98A100A5B0DD /* ViewController.swift */; };
		EF0488A023CB98A100A5B0DD /* Main.storyboard in Resources */ = {isa = PBXBuildFile; fileRef = EF04889E23CB98A100A5B0DD /* Main.storyboard */; };
		EF0488A223CB98A400A5B0DD /* Assets.xcassets in Resources */ = {isa = PBXBuildFile; fileRef = EF0488A123CB98A400A5B0DD /* Assets.xcassets */; };
		EF0488A523CB98A400A5B0DD /* LaunchScreen.storyboard in Resources */ = {isa = PBXBuildFile; fileRef = EF0488A323CB98A400A5B0DD /* LaunchScreen.storyboard */; };
/* End PBXBuildFile section */

/* Begin PBXFileReference section */
		EF04889523CB98A100A5B0DD /* udemy_first_app.app */ = {isa = PBXFileReference; explicitFileType = wrapper.application; includeInIndex = 0; path = udemy_first_app.app; sourceTree = BUILT_PRODUCTS_DIR; };
		EF04889823CB98A100A5B0DD /* AppDelegate.swift */ = {isa = PBXFileReference; lastKnownFileType = sourcecode.swift; path = AppDelegate.swift; sourceTree = "<group>"; };
		EF04889A23CB98A100A5B0DD /* SceneDelegate.swift */ = {isa = PBXFileReference; lastKnownFileType = sourcecode.swift; path = SceneDelegate.swift; sourceTree = "<group>"; };
		EF04889C23CB98A100A5B0DD /* ViewController.swift */ = {isa = PBXFileReference; lastKnownFileType = sourcecode.swift; path = ViewController.swift; sourceTree = "<group>"; };
		EF04889F23CB98A100A5B0DD /* Base */ = {isa = PBXFileReference; lastKnownFileType = file.storyboard; name = Base; path = Base.lproj/Main.storyboard; sourceTree = "<group>"; };
		EF0488A123CB98A400A5B0DD /* Assets.xcassets */ = {isa = PBXFileReference; lastKnownFileType = folder.assetcatalog; path = Assets.xcassets; sourceTree = "<group>"; };
		EF0488A423CB98A400A5B0DD /* Base */ = {isa = PBXFileReference; lastKnownFileType = file.storyboard; name = Base; path = Base.lproj/LaunchScreen.storyboard; sourceTree = "<group>"; };
		EF0488A623CB98A400A5B0DD /* Info.plist */ = {isa = PBXFileReference; lastKnownFileType = text.plist.xml; path = Info.plist; sourceTree = "<group>"; };
/* End PBXFileReference section */

/* Begin PBXFrameworksBuildPhase section */
		EF04889223CB98A100A5B0DD /* Frameworks */ = {
			isa = PBXFrameworksBuildPhase;
			buildActionMask = 2147483647;
			files = (
			);
			runOnlyForDeploymentPostprocessing = 0;
		};
/* End PBXFrameworksBuildPhase section */

/* Begin PBXGroup section */
		EF04888C23CB98A100A5B0DD = {
			isa = PBXGroup;
			children = (
				EF04889723CB98A100A5B0DD /* udemy_first_app */,
				EF04889623CB98A100A5B0DD /* Products */,
			);
			sourceTree = "<group>";
		};
		EF04889623CB98A100A5B0DD /* Products */ = {
			isa = PBXGroup;
			children = (
				EF04889523CB98A100A5B0DD /* udemy_first_app.app */,
			);
			name = Products;
			sourceTree = "<group>";
		};
		EF04889723CB98A100A5B0DD /* udemy_first_app */ = {
			isa = PBXGroup;
			children = (
				EF04889823CB98A100A5B0DD /* AppDelegate.swift */,
				EF04889A23CB98A100A5B0DD /* SceneDelegate.swift */,
				EF04889C23CB98A100A5B0DD /* ViewController.swift */,
				EF04889E23CB98A100A5B0DD /* Main.storyboard */,
				EF0488A123CB98A400A5B0DD /* Assets.xcassets */,
				EF0488A323CB98A400A5B0DD /* LaunchScreen.storyboard */,
				EF0488A623CB98A400A5B0DD /* Info.plist */,
			);
			path = udemy_first_app;
			sourceTree = "<group>";
		};
/* End PBXGroup section */

/* Begin PBXNativeTarget section */
		EF04889423CB98A100A5B0DD /* udemy_first_app */ = {
			isa = PBXNativeTarget;
			buildConfigurationList = EF0488A923CB98A400A5B0DD /* Build configuration list for PBXNativeTarget "udemy_first_app" */;
			buildPhases = (
				EF04889123CB98A100A5B0DD /* Sources */,
				EF04889223CB98A100A5B0DD /* Frameworks */,
				EF04889323CB98A100A5B0DD /* Resources */,
			);
			buildRules = (
			);
			dependencies = (
			);
			name = udemy_first_app;
			productName = udemy_first_app;
			productReference = EF04889523CB98A100A5B0DD /* udemy_first_app.app */;
			productType = "com.apple.product-type.application";
		};
/* End PBXNativeTarget section */

/* Begin PBXProject section */
		EF04888D23CB98A100A5B0DD /* Project object */ = {
			isa = PBXProject;
			attributes = {
				LastSwiftUpdateCheck = 1130;
				LastUpgradeCheck = 1130;
				ORGANIZATIONNAME = Jarek;
				TargetAttributes = {
					EF04889423CB98A100A5B0DD = {
						CreatedOnToolsVersion = 11.3;
					};
				};
			};
			buildConfigurationList = EF04889023CB98A100A5B0DD /* Build configuration list for PBXProject "udemy_first_app" */;
			compatibilityVersion = "Xcode 9.3";
			developmentRegion = en;
			hasScannedForEncodings = 0;
			knownRegions = (
				en,
				Base,
			);
			mainGroup = EF04888C23CB98A100A5B0DD;
			productRefGroup = EF04889623CB98A100A5B0DD /* Products */;
			projectDirPath = "";
			projectRoot = "";
			targets = (
				EF04889423CB98A100A5B0DD /* udemy_first_app */,
			);
		};
/* End PBXProject section */

/* Begin PBXResourcesBuildPhase section */
		EF04889323CB98A100A5B0DD /* Resources */ = {
			isa = PBXResourcesBuildPhase;
			buildActionMask = 2147483647;
			files = (
				EF0488A523CB98A400A5B0DD /* LaunchScreen.storyboard in Resources */,
				EF0488A223CB98A400A5B0DD /* Assets.xcassets in Resources */,
				EF0488A023CB98A100A5B0DD /* Main.storyboard in Resources */,
			);
			runOnlyForDeploymentPostprocessing = 0;
		};
/* End PBXResourcesBuildPhase section */

/* Begin PBXSourcesBuildPhase section */
		EF04889123CB98A100A5B0DD /* Sources */ = {
			isa = PBXSourcesBuildPhase;
			buildActionMask = 2147483647;
			files = (
				EF04889D23CB98A100A5B0DD /* ViewController.swift in Sources */,
				EF04889923CB98A100A5B0DD /* AppDelegate.swift in Sources */,
				EF04889B23CB98A100A5B0DD /* SceneDelegate.swift in Sources */,
			);
			runOnlyForDeploymentPostprocessing = 0;
		};
/* End PBXSourcesBuildPhase section */

/* Begin PBXVariantGroup section */
		EF04889E23CB98A100A5B0DD /* Main.storyboard */ = {
			isa = PBXVariantGroup;
			children = (
				EF04889F23CB98A100A5B0DD /* Base */,
			);
			name = Main.storyboard;
			sourceTree = "<group>";
		};
		EF0488A323CB98A400A5B0DD /* LaunchScreen.storyboard */ = {
			isa = PBXVariantGroup;
			children = (
				EF0488A423CB98A400A5B0DD /* Base */,
			);
			name = LaunchScreen.storyboard;
			sourceTree = "<group>";
		};
/* End PBXVariantGroup section */

/* Begin XCBuildConfiguration section */
		EF0488A723CB98A400A5B0DD /* Debug */ = {
			isa = XCBuildConfiguration;
			buildSettings = {
				ALWAYS_SEARCH_USER_PATHS = NO;
				CLANG_ANALYZER_NONNULL = YES;
				CLANG_ANALYZER_NUMBER_OBJECT_CONVERSION = YES_AGGRESSIVE;
				CLANG_CXX_LANGUAGE_STANDARD = "gnu++14";
				CLANG_CXX_LIBRARY = "libc++";
				CLANG_ENABLE_MODULES = YES;
				CLANG_ENABLE_OBJC_ARC = YES;
				CLANG_ENABLE_OBJC_WEAK = YES;
				CLANG_WARN_BLOCK_CAPTURE_AUTORELEASING = YES;
				CLANG_WARN_BOOL_CONVERSION = YES;
				CLANG_WARN_COMMA = YES;
				CLANG_WARN_CONSTANT_CONVERSION = YES;
				CLANG_WARN_DEPRECATED_OBJC_IMPLEMENTATIONS = YES;
				CLANG_WARN_DIRECT_OBJC_ISA_USAGE = YES_ERROR;
				CLANG_WARN_DOCUMENTATION_COMMENTS = YES;
				CLANG_WARN_EMPTY_BODY = YES;
				CLANG_WARN_ENUM_CONVERSION = YES;
				CLANG_WARN_INFINITE_RECURSION = YES;
				CLANG_WARN_INT_CONVERSION = YES;
				CLANG_WARN_NON_LITERAL_NULL_CONVERSION = YES;
				CLANG_WARN_OBJC_IMPLICIT_RETAIN_SELF = YES;
				CLANG_WARN_OBJC_LITERAL_CONVERSION = YES;
				CLANG_WARN_OBJC_ROOT_CLASS = YES_ERROR;
				CLANG_WARN_RANGE_LOOP_ANALYSIS = YES;
				CLANG_WARN_STRICT_PROTOTYPES = YES;
				CLANG_WARN_SUSPICIOUS_MOVE = YES;
				CLANG_WARN_UNGUARDED_AVAILABILITY = YES_AGGRESSIVE;
				CLANG_WARN_UNREACHABLE_CODE = YES;
				CLANG_WARN__DUPLICATE_METHOD_MATCH = YES;
				COPY_PHASE_STRIP = NO;
				DEBUG_INFORMATION_FORMAT = dwarf;
				ENABLE_STRICT_OBJC_MSGSEND = YES;
				ENABLE_TESTABILITY = YES;
				GCC_C_LANGUAGE_STANDARD = gnu11;
				GCC_DYNAMIC_NO_PIC = NO;
				GCC_NO_COMMON_BLOCKS = YES;
				GCC_OPTIMIZATION_LEVEL = 0;
				GCC_PREPROCESSOR_DEFINITIONS = (
					"DEBUG=1",
					"$(inherited)",
				);
				GCC_WARN_64_TO_32_BIT_CONVERSION = YES;
				GCC_WARN_ABOUT_RETURN_TYPE = YES_ERROR;
				GCC_WARN_UNDECLARED_SELECTOR = YES;
				GCC_WARN_UNINITIALIZED_AUTOS = YES_AGGRESSIVE;
				GCC_WARN_UNUSED_FUNCTION = YES;
				GCC_WARN_UNUSED_VARIABLE = YES;
				IPHONEOS_DEPLOYMENT_TARGET = 13.2;
				MTL_ENABLE_DEBUG_INFO = INCLUDE_SOURCE;
				MTL_FAST_MATH = YES;
				ONLY_ACTIVE_ARCH = YES;
				SDKROOT = iphoneos;
				SWIFT_ACTIVE_COMPILATION_CONDITIONS = DEBUG;
				SWIFT_OPTIMIZATION_LEVEL = "-Onone";
			};
			name = Debug;
		};
		EF0488A823CB98A400A5B0DD /* Release */ = {
			isa = XCBuildConfiguration;
			buildSettings = {
				ALWAYS_SEARCH_USER_PATHS = NO;
				CLANG_ANALYZER_NONNULL = YES;
				CLANG_ANALYZER_NUMBER_OBJECT_CONVERSION = YES_AGGRESSIVE;
				CLANG_CXX_LANGUAGE_STANDARD = "gnu++14";
				CLANG_CXX_LIBRARY = "libc++";
				CLANG_ENABLE_MODULES = YES;
				CLANG_ENABLE_OBJC_ARC = YES;
				CLANG_ENABLE_OBJC_WEAK = YES;
				CLANG_WARN_BLOCK_CAPTURE_AUTORELEASING = YES;
				CLANG_WARN_BOOL_CONVERSION = YES;
				CLANG_WARN_COMMA = YES;
				CLANG_WARN_CONSTANT_CONVERSION = YES;
				CLANG_WARN_DEPRECATED_OBJC_IMPLEMENTATIONS = YES;
				CLANG_WARN_DIRECT_OBJC_ISA_USAGE = YES_ERROR;
				CLANG_WARN_DOCUMENTATION_COMMENTS = YES;
				CLANG_WARN_EMPTY_BODY = YES;
				CLANG_WARN_ENUM_CONVERSION = YES;
				CLANG_WARN_INFINITE_RECURSION = YES;
				CLANG_WARN_INT_CONVERSION = YES;
				CLANG_WARN_NON_LITERAL_NULL_CONVERSION = YES;
				CLANG_WARN_OBJC_IMPLICIT_RETAIN_SELF = YES;
				CLANG_WARN_OBJC_LITERAL_CONVERSION = YES;
				CLANG_WARN_OBJC_ROOT_CLASS = YES_ERROR;
				CLANG_WARN_RANGE_LOOP_ANALYSIS = YES;
				CLANG_WARN_STRICT_PROTOTYPES = YES;
				CLANG_WARN_SUSPICIOUS_MOVE = YES;
				CLANG_WARN_UNGUARDED_AVAILABILITY = YES_AGGRESSIVE;
				CLANG_WARN_UNREACHABLE_CODE = YES;
				CLANG_WARN__DUPLICATE_METHOD_MATCH = YES;
				COPY_PHASE_STRIP = NO;
				DEBUG_INFORMATION_FORMAT = "dwarf-with-dsym";
				ENABLE_NS_ASSERTIONS = NO;
				ENABLE_STRICT_OBJC_MSGSEND = YES;
				GCC_C_LANGUAGE_STANDARD = gnu11;
				GCC_NO_COMMON_BLOCKS = YES;
				GCC_WARN_64_TO_32_BIT_CONVERSION = YES;
				GCC_WARN_ABOUT_RETURN_TYPE = YES_ERROR;
				GCC_WARN_UNDECLARED_SELECTOR = YES;
				GCC_WARN_UNINITIALIZED_AUTOS = YES_AGGRESSIVE;
				GCC_WARN_UNUSED_FUNCTION = YES;
				GCC_WARN_UNUSED_VARIABLE = YES;
				IPHONEOS_DEPLOYMENT_TARGET = 13.2;
				MTL_ENABLE_DEBUG_INFO = NO;
				MTL_FAST_MATH = YES;
				SDKROOT = iphoneos;
				SWIFT_COMPILATION_MODE = wholemodule;
				SWIFT_OPTIMIZATION_LEVEL = "-O";
				VALIDATE_PRODUCT = YES;
			};
			name = Release;
		};
		EF0488AA23CB98A400A5B0DD /* Debug */ = {
			isa = XCBuildConfiguration;
			buildSettings = {
				ASSETCATALOG_COMPILER_APPICON_NAME = AppIcon;
				CODE_SIGN_STYLE = Automatic;
				INFOPLIST_FILE = udemy_first_app/Info.plist;
				LD_RUNPATH_SEARCH_PATHS = (
					"$(inherited)",
					"@executable_path/Frameworks",
				);
				PRODUCT_BUNDLE_IDENTIFIER = "test.udemy-first-app";
				PRODUCT_NAME = "$(TARGET_NAME)";
				SWIFT_VERSION = 5.0;
				TARGETED_DEVICE_FAMILY = "1,2";
			};
			name = Debug;
		};
		EF0488AB23CB98A400A5B0DD /* Release */ = {
			isa = XCBuildConfiguration;
			buildSettings = {
				ASSETCATALOG_COMPILER_APPICON_NAME = AppIcon;
				CODE_SIGN_STYLE = Automatic;
				INFOPLIST_FILE = udemy_first_app/Info.plist;
				LD_RUNPATH_SEARCH_PATHS = (
					"$(inherited)",
					"@executable_path/Frameworks",
				);
				PRODUCT_BUNDLE_IDENTIFIER = "test.udemy-first-app";
				PRODUCT_NAME = "$(TARGET_NAME)";
				SWIFT_VERSION = 5.0;
				TARGETED_DEVICE_FAMILY = "1,2";
			};
			name = Release;
		};
/* End XCBuildConfiguration section */

/* Begin XCConfigurationList section */
		EF04889023CB98A100A5B0DD /* Build configuration list for PBXProject "udemy_first_app" */ = {
			isa = XCConfigurationList;
			buildConfigurations = (
				EF0488A723CB98A400A5B0DD /* Debug */,
				EF0488A823CB98A400A5B0DD /* Release */,
			);
			defaultConfigurationIsVisible = 0;
			defaultConfigurationName = Release;
		};
		EF0488A923CB98A400A5B0DD /* Build configuration list for PBXNativeTarget "udemy_first_app" */ = {
			isa = XCConfigurationList;
			buildConfigurations = (
				EF0488AA23CB98A400A5B0DD /* Debug */,
				EF0488AB23CB98A400A5B0DD /* Release */,
			);
			defaultConfigurationIsVisible = 0;
			defaultConfigurationName = Release;
		};
/* End XCConfigurationList section */
	};
	rootObject = EF04888D23CB98A100A5B0DD /* Project object */;
}
